{
  "name": "Produtos",
  "version": "1.0.0",
  "lockfileVersion": 1,
  "requires": true,
  "dependencies": {
    "angular": {
      "version": "1.6.9",
      "resolved": "https://registry.npmjs.org/angular/-/angular-1.6.9.tgz",
      "integrity": "sha512-6igWH2GIsxV+J38wNWCh8oyjaZsrIPIDO35twloIUyjlF2Yit6UyLAWujHP05ma/LFxTsx4NtYibRoMNBXPR1A=="
    },
    "angular-animate": {
      "version": "1.6.9",
      "resolved": "https://registry.npmjs.org/angular-animate/-/angular-animate-1.6.9.tgz",
      "integrity": "sha512-3/fqrmT6mJgB2O6oDvXDlNP6AJVqUXLWZq/P87Xo7Wt0JjcSmhJSQ02Yp7gm0Pkd5SXMKHICLpn/iEJPyse9fg=="
    },
    "angular-input-masks": {
      "version": "4.1.0",
      "resolved": "https://registry.npmjs.org/angular-input-masks/-/angular-input-masks-4.1.0.tgz",
      "integrity": "sha512-rqoON4clLNFk1VfIefgJ3xSfRuR/WapmWMORfkFvtd9N+q5+SkiLGfb2cA5G4IMHKiG2IAYabW+RvyzxY9Ns6Q==",
      "requires": {
        "br-validations": "0.3.1",
        "date-fns": "2.0.0-alpha.7",
        "moment": "2.20.1",
        "string-mask": "0.3.0"
      }
    },
    "angular-modal-service": {
      "version": "0.13.0",
      "resolved": "https://registry.npmjs.org/angular-modal-service/-/angular-modal-service-0.13.0.tgz",
      "integrity": "sha512-B1IMGyosJ3Dz1J+r+mj0XHXL9AKk8kk/xpIeGo+kMQOkUTsrQpmjw0SUii0cAkRHWr3GwIG7Tty1fXpNUI5ZkA=="
    },
    "angular-resource": {
      "version": "1.6.9",
      "resolved": "https://registry.npmjs.org/angular-resource/-/angular-resource-1.6.9.tgz",
      "integrity": "sha512-RNGjhQWGVz5EB1Z1miQNkpwhp2htcBgKRMxeXtNUZf53O1AxwrPy9HajDXi2Lub+tO72TPQOy4HOMW4xmGXz6g=="
    },
    "angularjs-toaster": {
      "version": "2.2.0",
      "resolved": "https://registry.npmjs.org/angularjs-toaster/-/angularjs-toaster-2.2.0.tgz",
      "integrity": "sha1-6WnV/HOSo8HYi6iA9xGn2Jpd9V8="
    },
    "bootstrap": {
      "version": "4.0.0",
      "resolved": "https://registry.npmjs.org/bootstrap/-/bootstrap-4.0.0.tgz",
      "integrity": "sha512-gulJE5dGFo6Q61V/whS6VM4WIyrlydXfCgkE+Gxe5hjrJ8rXLLZlALq7zq2RPhOc45PSwQpJkrTnc2KgD6cvmA=="
    },
    "br-validations": {
      "version": "0.3.1",
      "resolved": "https://registry.npmjs.org/br-validations/-/br-validations-0.3.1.tgz",
      "integrity": "sha1-TkWk4HStruorfgiLwON63pt2Nk0="
    },
    "date-fns": {
      "version": "2.0.0-alpha.7",
      "resolved": "https://registry.npmjs.org/date-fns/-/date-fns-2.0.0-alpha.7.tgz",
      "integrity": "sha1-JFrRb5V2Tqur+ywKQf1dAzwg5Xo="
    },
    "jquery": {
      "version": "3.3.1",
      "resolved": "https://registry.npmjs.org/jquery/-/jquery-3.3.1.tgz",
      "integrity": "sha512-Ubldcmxp5np52/ENotGxlLe6aGMvmF4R8S6tZjsP6Knsaxd/xp3Zrh50cG93lR6nPXyUFwzN3ZSOQI0wRJNdGg=="
    },
    "moment": {
      "version": "2.20.1",
      "resolved": "https://registry.npmjs.org/moment/-/moment-2.20.1.tgz",
      "integrity": "sha512-Yh9y73JRljxW5QxN08Fner68eFLxM5ynNOAw2LbIB1YAGeQzZT8QFSUvkAz609Zf+IHhhaUxqZK8dG3W/+HEvg=="
    },
    "string-mask": {
      "version": "0.3.0",
      "resolved": "https://registry.npmjs.org/string-mask/-/string-mask-0.3.0.tgz",
      "integrity": "sha1-nnJEuHuy9vlkfirJj5b6GlfCEZg="
    }
  }
}
